// !$*UTF8*$!
{
	archiveVersion = 1;
	classes = {
	};
	objectVersion = 56;
	objects = {

/* Begin PBXBuildFile section */
		A32F2CE72A4C69EF00F89E8B /* AppDelegate.swift in Sources */ = {isa = PBXBuildFile; fileRef = A32F2CE62A4C69EF00F89E8B /* AppDelegate.swift */; };
		A32F2CE92A4C69EF00F89E8B /* art.scnassets in Resources */ = {isa = PBXBuildFile; fileRef = A32F2CE82A4C69EF00F89E8B /* art.scnassets */; };
		A32F2CEB2A4C69EF00F89E8B /* ViewController.swift in Sources */ = {isa = PBXBuildFile; fileRef = A32F2CEA2A4C69EF00F89E8B /* ViewController.swift */; };
		A32F2CEE2A4C69EF00F89E8B /* Main.storyboard in Resources */ = {isa = PBXBuildFile; fileRef = A32F2CEC2A4C69EF00F89E8B /* Main.storyboard */; };
		A32F2CF02A4C69F000F89E8B /* Assets.xcassets in Resources */ = {isa = PBXBuildFile; fileRef = A32F2CEF2A4C69F000F89E8B /* Assets.xcassets */; };
		A32F2CF32A4C69F000F89E8B /* LaunchScreen.storyboard in Resources */ = {isa = PBXBuildFile; fileRef = A32F2CF12A4C69F000F89E8B /* LaunchScreen.storyboard */; };
		A32F2CFA2A4C6AAA00F89E8B /* model.reality in Resources */ = {isa = PBXBuildFile; fileRef = A32F2CF92A4C6AAA00F89E8B /* model.reality */; };
		A32F2CFC2A4C6B0A00F89E8B /* QuickLookViewController.swift in Sources */ = {isa = PBXBuildFile; fileRef = A32F2CFB2A4C6B0A00F89E8B /* QuickLookViewController.swift */; };
/* End PBXBuildFile section */

/* Begin PBXFileReference section */
		A32F2CE32A4C69EF00F89E8B /* demoQuicklook.app */ = {isa = PBXFileReference; explicitFileType = wrapper.application; includeInIndex = 0; path = demoQuicklook.app; sourceTree = BUILT_PRODUCTS_DIR; };
		A32F2CE62A4C69EF00F89E8B /* AppDelegate.swift */ = {isa = PBXFileReference; lastKnownFileType = sourcecode.swift; path = AppDelegate.swift; sourceTree = "<group>"; };
		A32F2CE82A4C69EF00F89E8B /* art.scnassets */ = {isa = PBXFileReference; lastKnownFileType = wrapper.scnassets; path = art.scnassets; sourceTree = "<group>"; };
		A32F2CEA2A4C69EF00F89E8B /* ViewController.swift */ = {isa = PBXFileReference; lastKnownFileType = sourcecode.swift; path = ViewController.swift; sourceTree = "<group>"; };
		A32F2CED2A4C69EF00F89E8B /* Base */ = {isa = PBXFileReference; lastKnownFileType = file.storyboard; name = Base; path = Base.lproj/Main.storyboard; sourceTree = "<group>"; };
		A32F2CEF2A4C69F000F89E8B /* Assets.xcassets */ = {isa = PBXFileReference; lastKnownFileType = folder.assetcatalog; path = Assets.xcassets; sourceTree = "<group>"; };
		A32F2CF22A4C69F000F89E8B /* Base */ = {isa = PBXFileReference; lastKnownFileType = file.storyboard; name = Base; path = Base.lproj/LaunchScreen.storyboard; sourceTree = "<group>"; };
		A32F2CF92A4C6AAA00F89E8B /* model.reality */ = {isa = PBXFileReference; lastKnownFileType = file; path = model.reality; sourceTree = "<group>"; };
		A32F2CFB2A4C6B0A00F89E8B /* QuickLookViewController.swift */ = {isa = PBXFileReference; lastKnownFileType = sourcecode.swift; path = QuickLookViewController.swift; sourceTree = "<group>"; };
/* End PBXFileReference section */

/* Begin PBXFrameworksBuildPhase section */
		A32F2CE02A4C69EF00F89E8B /* Frameworks */ = {
			isa = PBXFrameworksBuildPhase;
			buildActionMask = 2147483647;
			files = (
			);
			runOnlyForDeploymentPostprocessing = 0;
		};
/* End PBXFrameworksBuildPhase section */

/* Begin PBXGroup section */
		A32F2CDA2A4C69EF00F89E8B = {
			isa = PBXGroup;
			children = (
				A32F2CE52A4C69EF00F89E8B /* demoQuicklook */,
				A32F2CE42A4C69EF00F89E8B /* Products */,
			);
			sourceTree = "<group>";
		};
		A32F2CE42A4C69EF00F89E8B /* Products */ = {
			isa = PBXGroup;
			children = (
				A32F2CE32A4C69EF00F89E8B /* demoQuicklook.app */,
			);
			name = Products;
			sourceTree = "<group>";
		};
		A32F2CE52A4C69EF00F89E8B /* demoQuicklook */ = {
			isa = PBXGroup;
			children = (
				A32F2CF92A4C6AAA00F89E8B /* model.reality */,
				A32F2CE62A4C69EF00F89E8B /* AppDelegate.swift */,
				A32F2CE82A4C69EF00F89E8B /* art.scnassets */,
				A32F2CEA2A4C69EF00F89E8B /* ViewController.swift */,
				A32F2CEC2A4C69EF00F89E8B /* Main.storyboard */,
				A32F2CFB2A4C6B0A00F89E8B /* QuickLookViewController.swift */,
				A32F2CEF2A4C69F000F89E8B /* Assets.xcassets */,
				A32F2CF12A4C69F000F89E8B /* LaunchScreen.storyboard */,
			);
			path = demoQuicklook;
			sourceTree = "<group>";
		};
/* End PBXGroup section */

/* Begin PBXNativeTarget section */
		A32F2CE22A4C69EF00F89E8B /* demoQuicklook */ = {
			isa = PBXNativeTarget;
			buildConfigurationList = A32F2CF62A4C69F000F89E8B /* Build configuration list for PBXNativeTarget "demoQuicklook" */;
			buildPhases = (
				A32F2CDF2A4C69EF00F89E8B /* Sources */,
				A32F2CE02A4C69EF00F89E8B /* Frameworks */,
				A32F2CE12A4C69EF00F89E8B /* Resources */,
			);
			buildRules = (
			);
			dependencies = (
			);
			name = demoQuicklook;
			productName = demoQuicklook;
			productReference = A32F2CE32A4C69EF00F89E8B /* demoQuicklook.app */;
			productType = "com.apple.product-type.application";
		};
/* End PBXNativeTarget section */

/* Begin PBXProject section */
		A32F2CDB2A4C69EF00F89E8B /* Project object */ = {
			isa = PBXProject;
			attributes = {
				BuildIndependentTargetsInParallel = 1;
				LastSwiftUpdateCheck = 1430;
				LastUpgradeCheck = 1430;
				TargetAttributes = {
					A32F2CE22A4C69EF00F89E8B = {
						CreatedOnToolsVersion = 14.3.1;
					};
				};
			};
			buildConfigurationList = A32F2CDE2A4C69EF00F89E8B /* Build configuration list for PBXProject "demoQuicklook" */;
			compatibilityVersion = "Xcode 14.0";
			developmentRegion = en;
			hasScannedForEncodings = 0;
			knownRegions = (
				en,
				Base,
			);
			mainGroup = A32F2CDA2A4C69EF00F89E8B;
			productRefGroup = A32F2CE42A4C69EF00F89E8B /* Products */;
			projectDirPath = "";
			projectRoot = "";
			targets = (
				A32F2CE22A4C69EF00F89E8B /* demoQuicklook */,
			);
		};
/* End PBXProject section */

/* Begin PBXResourcesBuildPhase section */
		A32F2CE12A4C69EF00F89E8B /* Resources */ = {
			isa = PBXResourcesBuildPhase;
			buildActionMask = 2147483647;
			files = (
				A32F2CFA2A4C6AAA00F89E8B /* model.reality in Resources */,
				A32F2CE92A4C69EF00F89E8B /* art.scnassets in Resources */,
				A32F2CF32A4C69F000F89E8B /* LaunchScreen.storyboard in Resources */,
				A32F2CF02A4C69F000F89E8B /* Assets.xcassets in Resources */,
				A32F2CEE2A4C69EF00F89E8B /* Main.storyboard in Resources */,
			);
			runOnlyForDeploymentPostprocessing = 0;
		};
/* End PBXResourcesBuildPhase section */

/* Begin PBXSourcesBuildPhase section */
		A32F2CDF2A4C69EF00F89E8B /* Sources */ = {
			isa = PBXSourcesBuildPhase;
			buildActionMask = 2147483647;
			files = (
				A32F2CEB2A4C69EF00F89E8B /* ViewController.swift in Sources */,
				A32F2CE72A4C69EF00F89E8B /* AppDelegate.swift in Sources */,
				A32F2CFC2A4C6B0A00F89E8B /* QuickLookViewController.swift in Sources */,
			);
			runOnlyForDeploymentPostprocessing = 0;
		};
/* End PBXSourcesBuildPhase section */

/* Begin PBXVariantGroup section */
		A32F2CEC2A4C69EF00F89E8B /* Main.storyboard */ = {
			isa = PBXVariantGroup;
			children = (
				A32F2CED2A4C69EF00F89E8B /* Base */,
			);
			name = Main.storyboard;
			sourceTree = "<group>";
		};
		A32F2CF12A4C69F000F89E8B /* LaunchScreen.storyboard */ = {
			isa = PBXVariantGroup;
			children = (
				A32F2CF22A4C69F000F89E8B /* Base */,
			);
			name = LaunchScreen.storyboard;
			sourceTree = "<group>";
		};
/* End PBXVariantGroup section */

/* Begin XCBuildConfiguration section */
		A32F2CF42A4C69F000F89E8B /* Debug */ = {
			isa = XCBuildConfiguration;
			buildSettings = {
				ALWAYS_SEARCH_USER_PATHS = NO;
				CLANG_ANALYZER_NONNULL = YES;
				CLANG_ANALYZER_NUMBER_OBJECT_CONVERSION = YES_AGGRESSIVE;
				CLANG_CXX_LANGUAGE_STANDARD = "gnu++20";
				CLANG_ENABLE_MODULES = YES;
				CLANG_ENABLE_OBJC_ARC = YES;
				CLANG_ENABLE_OBJC_WEAK = YES;
				CLANG_WARN_BLOCK_CAPTURE_AUTORELEASING = YES;
				CLANG_WARN_BOOL_CONVERSION = YES;
				CLANG_WARN_COMMA = YES;
				CLANG_WARN_CONSTANT_CONVERSION = YES;
				CLANG_WARN_DEPRECATED_OBJC_IMPLEMENTATIONS = YES;
				CLANG_WARN_DIRECT_OBJC_ISA_USAGE = YES_ERROR;
				CLANG_WARN_DOCUMENTATION_COMMENTS = YES;
				CLANG_WARN_EMPTY_BODY = YES;
				CLANG_WARN_ENUM_CONVERSION = YES;
				CLANG_WARN_INFINITE_RECURSION = YES;
				CLANG_WARN_INT_CONVERSION = YES;
				CLANG_WARN_NON_LITERAL_NULL_CONVERSION = YES;
				CLANG_WARN_OBJC_IMPLICIT_RETAIN_SELF = YES;
				CLANG_WARN_OBJC_LITERAL_CONVERSION = YES;
				CLANG_WARN_OBJC_ROOT_CLASS = YES_ERROR;
				CLANG_WARN_QUOTED_INCLUDE_IN_FRAMEWORK_HEADER = YES;
				CLANG_WARN_RANGE_LOOP_ANALYSIS = YES;
				CLANG_WARN_STRICT_PROTOTYPES = YES;
				CLANG_WARN_SUSPICIOUS_MOVE = YES;
				CLANG_WARN_UNGUARDED_AVAILABILITY = YES_AGGRESSIVE;
				CLANG_WARN_UNREACHABLE_CODE = YES;
				CLANG_WARN__DUPLICATE_METHOD_MATCH = YES;
				COPY_PHASE_STRIP = NO;
				DEBUG_INFORMATION_FORMAT = dwarf;
				ENABLE_STRICT_OBJC_MSGSEND = YES;
				ENABLE_TESTABILITY = YES;
				GCC_C_LANGUAGE_STANDARD = gnu11;
				GCC_DYNAMIC_NO_PIC = NO;
				GCC_NO_COMMON_BLOCKS = YES;
				GCC_OPTIMIZATION_LEVEL = 0;
				GCC_PREPROCESSOR_DEFINITIONS = (
					"DEBUG=1",
					"$(inherited)",
				);
				GCC_WARN_64_TO_32_BIT_CONVERSION = YES;
				GCC_WARN_ABOUT_RETURN_TYPE = YES_ERROR;
				GCC_WARN_UNDECLARED_SELECTOR = YES;
				GCC_WARN_UNINITIALIZED_AUTOS = YES_AGGRESSIVE;
				GCC_WARN_UNUSED_FUNCTION = YES;
				GCC_WARN_UNUSED_VARIABLE = YES;
				IPHONEOS_DEPLOYMENT_TARGET = 16.4;
				MTL_ENABLE_DEBUG_INFO = INCLUDE_SOURCE;
				MTL_FAST_MATH = YES;
				ONLY_ACTIVE_ARCH = YES;
				SDKROOT = iphoneos;
				SWIFT_ACTIVE_COMPILATION_CONDITIONS = DEBUG;
				SWIFT_OPTIMIZATION_LEVEL = "-Onone";
			};
			name = Debug;
		};
		A32F2CF52A4C69F000F89E8B /* Release */ = {
			isa = XCBuildConfiguration;
			buildSettings = {
				ALWAYS_SEARCH_USER_PATHS = NO;
				CLANG_ANALYZER_NONNULL = YES;
				CLANG_ANALYZER_NUMBER_OBJECT_CONVERSION = YES_AGGRESSIVE;
				CLANG_CXX_LANGUAGE_STANDARD = "gnu++20";
				CLANG_ENABLE_MODULES = YES;
				CLANG_ENABLE_OBJC_ARC = YES;
				CLANG_ENABLE_OBJC_WEAK = YES;
				CLANG_WARN_BLOCK_CAPTURE_AUTORELEASING = YES;
				CLANG_WARN_BOOL_CONVERSION = YES;
				CLANG_WARN_COMMA = YES;
				CLANG_WARN_CONSTANT_CONVERSION = YES;
				CLANG_WARN_DEPRECATED_OBJC_IMPLEMENTATIONS = YES;
				CLANG_WARN_DIRECT_OBJC_ISA_USAGE = YES_ERROR;
				CLANG_WARN_DOCUMENTATION_COMMENTS = YES;
				CLANG_WARN_EMPTY_BODY = YES;
				CLANG_WARN_ENUM_CONVERSION = YES;
				CLANG_WARN_INFINITE_RECURSION = YES;
				CLANG_WARN_INT_CONVERSION = YES;
				CLANG_WARN_NON_LITERAL_NULL_CONVERSION = YES;
				CLANG_WARN_OBJC_IMPLICIT_RETAIN_SELF = YES;
				CLANG_WARN_OBJC_LITERAL_CONVERSION = YES;
				CLANG_WARN_OBJC_ROOT_CLASS = YES_ERROR;
				CLANG_WARN_QUOTED_INCLUDE_IN_FRAMEWORK_HEADER = YES;
				CLANG_WARN_RANGE_LOOP_ANALYSIS = YES;
				CLANG_WARN_STRICT_PROTOTYPES = YES;
				CLANG_WARN_SUSPICIOUS_MOVE = YES;
				CLANG_WARN_UNGUARDED_AVAILABILITY = YES_AGGRESSIVE;
				CLANG_WARN_UNREACHABLE_CODE = YES;
				CLANG_WARN__DUPLICATE_METHOD_MATCH = YES;
				COPY_PHASE_STRIP = NO;
				DEBUG_INFORMATION_FORMAT = "dwarf-with-dsym";
				ENABLE_NS_ASSERTIONS = NO;
				ENABLE_STRICT_OBJC_MSGSEND = YES;
				GCC_C_LANGUAGE_STANDARD = gnu11;
				GCC_NO_COMMON_BLOCKS = YES;
				GCC_WARN_64_TO_32_BIT_CONVERSION = YES;
				GCC_WARN_ABOUT_RETURN_TYPE = YES_ERROR;
				GCC_WARN_UNDECLARED_SELECTOR = YES;
				GCC_WARN_UNINITIALIZED_AUTOS = YES_AGGRESSIVE;
				GCC_WARN_UNUSED_FUNCTION = YES;
				GCC_WARN_UNUSED_VARIABLE = YES;
				IPHONEOS_DEPLOYMENT_TARGET = 16.4;
				MTL_ENABLE_DEBUG_INFO = NO;
				MTL_FAST_MATH = YES;
				SDKROOT = iphoneos;
				SWIFT_COMPILATION_MODE = wholemodule;
				SWIFT_OPTIMIZATION_LEVEL = "-O";
				VALIDATE_PRODUCT = YES;
			};
			name = Release;
		};
		A32F2CF72A4C69F000F89E8B /* Debug */ = {
			isa = XCBuildConfiguration;
			buildSettings = {
				ASSETCATALOG_COMPILER_APPICON_NAME = AppIcon;
				ASSETCATALOG_COMPILER_GLOBAL_ACCENT_COLOR_NAME = AccentColor;
				CODE_SIGN_STYLE = Automatic;
				CURRENT_PROJECT_VERSION = 1;
				DEVELOPMENT_TEAM = Q78WAVNAJA;
				GENERATE_INFOPLIST_FILE = YES;
				INFOPLIST_KEY_NSCameraUsageDescription = "";
				INFOPLIST_KEY_UIApplicationSupportsIndirectInputEvents = YES;
				INFOPLIST_KEY_UILaunchStoryboardName = LaunchScreen;
				INFOPLIST_KEY_UIMainStoryboardFile = Main;
				INFOPLIST_KEY_UIRequiredDeviceCapabilities = arkit;
				INFOPLIST_KEY_UIStatusBarHidden = YES;
				INFOPLIST_KEY_UISupportedInterfaceOrientations_iPad = "UIInterfaceOrientationPortrait UIInterfaceOrientationPortraitUpsideDown UIInterfaceOrientationLandscapeLeft UIInterfaceOrientationLandscapeRight";
				INFOPLIST_KEY_UISupportedInterfaceOrientations_iPhone = "UIInterfaceOrientationPortrait UIInterfaceOrientationLandscapeLeft UIInterfaceOrientationLandscapeRight";
				IPHONEOS_DEPLOYMENT_TARGET = 15.6;
				LD_RUNPATH_SEARCH_PATHS = (
					"$(inherited)",
					"@executable_path/Frameworks",
				);
				MARKETING_VERSION = 1.0;
				PRODUCT_BUNDLE_IDENTIFIER = com.sunny.quicklook.demoQuicklook;
				PRODUCT_NAME = "$(TARGET_NAME)";
				SWIFT_EMIT_LOC_STRINGS = YES;
				SWIFT_VERSION = 5.0;
				TARGETED_DEVICE_FAMILY = "1,2";
			};
			name = Debug;
		};
		A32F2CF82A4C69F000F89E8B /* Release */ = {
			isa = XCBuildConfiguration;
			buildSettings = {
				ASSETCATALOG_COMPILER_APPICON_NAME = AppIcon;
				ASSETCATALOG_COMPILER_GLOBAL_ACCENT_COLOR_NAME = AccentColor;
				CODE_SIGN_STYLE = Automatic;
				CURRENT_PROJECT_VERSION = 1;
				DEVELOPMENT_TEAM = Q78WAVNAJA;
				GENERATE_INFOPLIST_FILE = YES;
				INFOPLIST_KEY_NSCameraUsageDescription = "";
				INFOPLIST_KEY_UIApplicationSupportsIndirectInputEvents = YES;
				INFOPLIST_KEY_UILaunchStoryboardName = LaunchScreen;
				INFOPLIST_KEY_UIMainStoryboardFile = Main;
				INFOPLIST_KEY_UIRequiredDeviceCapabilities = arkit;
				INFOPLIST_KEY_UIStatusBarHidden = YES;
				INFOPLIST_KEY_UISupportedInterfaceOrientations_iPad = "UIInterfaceOrientationPortrait UIInterfaceOrientationPortraitUpsideDown UIInterfaceOrientationLandscapeLeft UIInterfaceOrientationLandscapeRight";
				INFOPLIST_KEY_UISupportedInterfaceOrientations_iPhone = "UIInterfaceOrientationPortrait UIInterfaceOrientationLandscapeLeft UIInterfaceOrientationLandscapeRight";
				IPHONEOS_DEPLOYMENT_TARGET = 15.6;
				LD_RUNPATH_SEARCH_PATHS = (
					"$(inherited)",
					"@executable_path/Frameworks",
				);
				MARKETING_VERSION = 1.0;
				PRODUCT_BUNDLE_IDENTIFIER = com.sunny.quicklook.demoQuicklook;
				PRODUCT_NAME = "$(TARGET_NAME)";
				SWIFT_EMIT_LOC_STRINGS = YES;
				SWIFT_VERSION = 5.0;
				TARGETED_DEVICE_FAMILY = "1,2";
			};
			name = Release;
		};
/* End XCBuildConfiguration section */

/* Begin XCConfigurationList section */
		A32F2CDE2A4C69EF00F89E8B /* Build configuration list for PBXProject "demoQuicklook" */ = {
			isa = XCConfigurationList;
			buildConfigurations = (
				A32F2CF42A4C69F000F89E8B /* Debug */,
				A32F2CF52A4C69F000F89E8B /* Release */,
			);
			defaultConfigurationIsVisible = 0;
			defaultConfigurationName = Release;
		};
		A32F2CF62A4C69F000F89E8B /* Build configuration list for PBXNativeTarget "demoQuicklook" */ = {
			isa = XCConfigurationList;
			buildConfigurations = (
				A32F2CF72A4C69F000F89E8B /* Debug */,
				A32F2CF82A4C69F000F89E8B /* Release */,
			);
			defaultConfigurationIsVisible = 0;
			defaultConfigurationName = Release;
		};
/* End XCConfigurationList section */
	};
	rootObject = A32F2CDB2A4C69EF00F89E8B /* Project object */;
}
